
Microsoft Visual Studio Solution File, Format Version 12.00
# Visual Studio 2012
Project("{D954291E-2A0B-460D-934E-DC6B0785DB48}") = "StepsCounter-Test-Project", "StepsCounter-Test-Project\StepsCounter-Test-Project.shproj", "{AD71581A-7199-4557-82B6-F38D1798FF6D}"
EndProject
Project("{FAE04EC0-301F-11D3-BF4B-00C04F79EFBC}") = "StepsCounter-Test-Project.iOS", "iOS\StepsCounter-Test-Project.iOS.csproj", "{A072A4FB-DD01-45A4-A092-1A8BF309EDAE}"
EndProject
Project("{FAE04EC0-301F-11D3-BF4B-00C04F79EFBC}") = "StepsCounter-Test-Project.Droid", "Droid\StepsCounter-Test-Project.Droid.csproj", "{A9EA4BFB-A682-4EFC-8428-0E54FCDD92C6}"
EndProject
Global
	GlobalSection(SolutionConfigurationPlatforms) = preSolution
		Debug|iPhoneSimulator = Debug|iPhoneSimulator
		Release|iPhone = Release|iPhone
		Release|iPhoneSimulator = Release|iPhoneSimulator
		Debug|iPhone = Debug|iPhone
		Debug|Any CPU = Debug|Any CPU
		Release|Any CPU = Release|Any CPU
	EndGlobalSection
	GlobalSection(ProjectConfigurationPlatforms) = postSolution
		{A072A4FB-DD01-45A4-A092-1A8BF309EDAE}.Debug|iPhoneSimulator.ActiveCfg = Debug|iPhoneSimulator
		{A072A4FB-DD01-45A4-A092-1A8BF309EDAE}.Debug|iPhoneSimulator.Build.0 = Debug|iPhoneSimulator
		{A072A4FB-DD01-45A4-A092-1A8BF309EDAE}.Release|iPhone.ActiveCfg = Release|iPhone
		{A072A4FB-DD01-45A4-A092-1A8BF309EDAE}.Release|iPhone.Build.0 = Release|iPhone
		{A072A4FB-DD01-45A4-A092-1A8BF309EDAE}.Release|iPhoneSimulator.ActiveCfg = Release|iPhoneSimulator
		{A072A4FB-DD01-45A4-A092-1A8BF309EDAE}.Release|iPhoneSimulator.Build.0 = Release|iPhoneSimulator
		{A072A4FB-DD01-45A4-A092-1A8BF309EDAE}.Debug|iPhone.ActiveCfg = Debug|iPhone
		{A072A4FB-DD01-45A4-A092-1A8BF309EDAE}.Debug|iPhone.Build.0 = Debug|iPhone
		{A072A4FB-DD01-45A4-A092-1A8BF309EDAE}.Debug|Any CPU.ActiveCfg = Debug|iPhoneSimulator
		{A072A4FB-DD01-45A4-A092-1A8BF309EDAE}.Debug|Any CPU.Build.0 = Debug|iPhoneSimulator
		{A072A4FB-DD01-45A4-A092-1A8BF309EDAE}.Release|Any CPU.ActiveCfg = Release|iPhone
		{A072A4FB-DD01-45A4-A092-1A8BF309EDAE}.Release|Any CPU.Build.0 = Release|iPhone
		{A9EA4BFB-A682-4EFC-8428-0E54FCDD92C6}.Debug|iPhoneSimulator.ActiveCfg = Debug|Any CPU
		{A9EA4BFB-A682-4EFC-8428-0E54FCDD92C6}.Debug|iPhoneSimulator.Build.0 = Debug|Any CPU
		{A9EA4BFB-A682-4EFC-8428-0E54FCDD92C6}.Release|iPhone.ActiveCfg = Release|Any CPU
		{A9EA4BFB-A682-4EFC-8428-0E54FCDD92C6}.Release|iPhone.Build.0 = Release|Any CPU
		{A9EA4BFB-A682-4EFC-8428-0E54FCDD92C6}.Release|iPhoneSimulator.ActiveCfg = Release|Any CPU
		{A9EA4BFB-A682-4EFC-8428-0E54FCDD92C6}.Release|iPhoneSimulator.Build.0 = Release|Any CPU
		{A9EA4BFB-A682-4EFC-8428-0E54FCDD92C6}.Debug|iPhone.ActiveCfg = Debug|Any CPU
		{A9EA4BFB-A682-4EFC-8428-0E54FCDD92C6}.Debug|iPhone.Build.0 = Debug|Any CPU
		{A9EA4BFB-A682-4EFC-8428-0E54FCDD92C6}.Debug|Any CPU.ActiveCfg = Debug|Any CPU
		{A9EA4BFB-A682-4EFC-8428-0E54FCDD92C6}.Debug|Any CPU.Build.0 = Debug|Any CPU
		{A9EA4BFB-A682-4EFC-8428-0E54FCDD92C6}.Release|Any CPU.ActiveCfg = Release|Any CPU
		{A9EA4BFB-A682-4EFC-8428-0E54FCDD92C6}.Release|Any CPU.Build.0 = Release|Any CPU
	EndGlobalSection
EndGlobal
